
Microsoft Visual Studio Solution File, Format Version 12.00
Project("{FAE04EC0-301F-11D3-BF4B-00C04F79EFBC}") = "Digin_Kompetanse", "Digin_Kompetanse\Digin_Kompetanse.csproj", "{5B16653B-CCE7-4F7A-A8ED-C1509AE7D83A}"
EndProject
Global
	GlobalSection(SolutionConfigurationPlatforms) = preSolution
		Debug|Any CPU = Debug|Any CPU
		Release|Any CPU = Release|Any CPU
	EndGlobalSection
	GlobalSection(ProjectConfigurationPlatforms) = postSolution
		{5B16653B-CCE7-4F7A-A8ED-C1509AE7D83A}.Debug|Any CPU.ActiveCfg = Debug|Any CPU
		{5B16653B-CCE7-4F7A-A8ED-C1509AE7D83A}.Debug|Any CPU.Build.0 = Debug|Any CPU
		{5B16653B-CCE7-4F7A-A8ED-C1509AE7D83A}.Release|Any CPU.ActiveCfg = Release|Any CPU
		{5B16653B-CCE7-4F7A-A8ED-C1509AE7D83A}.Release|Any CPU.Build.0 = Release|Any CPU
	EndGlobalSection
EndGlobal
